<?xml version="1.0" encoding="UTF-8" standalone="yes" ?>
<CodeBlocks_project_file>
	<FileVersion major="1" minor="6" />
	<Project>
		<Option title="Pancada" />
		<Option pch_mode="0" />
		<Option compiler="gcc" />
		<Option virtualFolders="Corpo/;Lutador/;Factory/;Fase/;Status/;Util/;Placar/;Main/;" />
		<Build>
			<Target title="win32 - release">
				<Option output="bin/Pancada.exe" prefix_auto="0" extension_auto="0" />
				<Option working_dir="bin/" />
				<Option type="0" />
				<Option compiler="gcc" />
				<Option parameters="--window" />
				<Option projectCompilerOptionsRelation="1" />
				<Option projectLinkerOptionsRelation="2" />
				<Option projectResourceIncludeDirsRelation="0" />
				<Compiler>
					<Add option="-fexpensive-optimizations" />
					<Add option="-Os" />
					<Add option="-W" />
					<Add option="-Wall" />
				</Compiler>
				<Linker>
					<Add option="-s" />
					<Add library="mingw32" />
				</Linker>
			</Target>
			<Target title="win32 - debug">
				<Option output="bin/Pancada_DEBUG.exe" prefix_auto="0" extension_auto="0" />
				<Option working_dir="bin/" />
				<Option type="0" />
				<Option compiler="gcc" />
				<Option parameters="--window" />
				<Option projectCompilerOptionsRelation="1" />
				<Option projectLinkerOptionsRelation="2" />
				<Option projectResourceIncludeDirsRelation="0" />
				<Compiler>
					<Add option="-W" />
					<Add option="-Wall" />
					<Add option="-pg" />
					<Add option="-g" />
					<Add option="-DDEBUG" />
				</Compiler>
				<Linker>
					<Add option="-pg -lgmon" />
					<Add option="-pg" />
					<Add library="mingw32" />
				</Linker>
			</Target>
			<Target title="linux - release">
				<Option output="bin/Pancada" prefix_auto="0" extension_auto="0" />
				<Option working_dir="bin/" />
				<Option type="0" />
				<Option compiler="gcc" />
				<Option parameters="--window" />
				<Option projectCompilerOptionsRelation="1" />
				<Option projectLinkerOptionsRelation="2" />
				<Option projectResourceIncludeDirsRelation="0" />
				<Compiler>
					<Add option="-fexpensive-optimizations" />
					<Add option="-Os" />
					<Add option="-W" />
					<Add option="-Wall" />
				</Compiler>
				<Linker>
					<Add option="-s" />
				</Linker>
			</Target>
			<Target title="linux - debug">
				<Option output="bin/Pancada_DEBUG" prefix_auto="0" extension_auto="0" />
				<Option working_dir="bin/" />
				<Option type="0" />
				<Option compiler="gcc" />
				<Option parameters="--window" />
				<Option projectCompilerOptionsRelation="1" />
				<Option projectLinkerOptionsRelation="2" />
				<Option projectResourceIncludeDirsRelation="0" />
				<Compiler>
					<Add option="-W" />
					<Add option="-Wall" />
					<Add option="-pg" />
					<Add option="-g" />
					<Add option="-DDEBUG" />
				</Compiler>
				<Linker>
					<Add option="-pg" />
				</Linker>
			</Target>
		</Build>
		<Compiler>
			<Add directory="C:/SDK/Cpp/CodeBlocks/include/SDL" />
			<Add directory="C:/SDK/Cpp/CodeBlocks/include/GBF" />
		</Compiler>
		<Linker>
			<Add option="-mwindows" />
			<Add library="GBF" />
			<Add library="SDL_mixer" />
			<Add library="SDL_image" />
			<Add library="SDLmain" />
			<Add library="SDL" />
		</Linker>
		<Unit filename="src/Cabeca.cpp">
			<Option virtualFolder="Corpo/" />
		</Unit>
		<Unit filename="src/Cabeca.h">
			<Option virtualFolder="Corpo/" />
		</Unit>
		<Unit filename="src/CabecaFactory.cpp">
			<Option virtualFolder="Factory/" />
		</Unit>
		<Unit filename="src/CabecaFactory.h">
			<Option virtualFolder="Factory/" />
		</Unit>
		<Unit filename="src/Controle.cpp">
			<Option virtualFolder="Main/" />
		</Unit>
		<Unit filename="src/Controle.h">
			<Option virtualFolder="Main/" />
		</Unit>
		<Unit filename="src/Define.h">
			<Option virtualFolder="Util/" />
		</Unit>
		<Unit filename="src/EfeitoSangue.cpp">
			<Option virtualFolder="Util/" />
		</Unit>
		<Unit filename="src/EfeitoSangue.h">
			<Option virtualFolder="Util/" />
		</Unit>
		<Unit filename="src/Fase.cpp">
			<Option virtualFolder="Fase/" />
		</Unit>
		<Unit filename="src/Fase.h">
			<Option virtualFolder="Fase/" />
		</Unit>
		<Unit filename="src/FaseAbstract.cpp">
			<Option virtualFolder="Fase/" />
		</Unit>
		<Unit filename="src/FaseAbstract.h">
			<Option virtualFolder="Fase/" />
		</Unit>
		<Unit filename="src/FaseFactory.cpp">
			<Option virtualFolder="Factory/" />
		</Unit>
		<Unit filename="src/FaseFactory.h">
			<Option virtualFolder="Factory/" />
		</Unit>
		<Unit filename="src/Jogo.cpp">
			<Option virtualFolder="Main/" />
		</Unit>
		<Unit filename="src/Jogo.h">
			<Option virtualFolder="Main/" />
		</Unit>
		<Unit filename="src/LutadorAbstract.cpp">
			<Option virtualFolder="Lutador/" />
		</Unit>
		<Unit filename="src/LutadorAbstract.h">
			<Option virtualFolder="Lutador/" />
		</Unit>
		<Unit filename="src/LutadorPC.cpp">
			<Option virtualFolder="Lutador/" />
		</Unit>
		<Unit filename="src/LutadorPC.h">
			<Option virtualFolder="Lutador/" />
		</Unit>
		<Unit filename="src/LutadorPlayer.cpp">
			<Option virtualFolder="Lutador/" />
		</Unit>
		<Unit filename="src/LutadorPlayer.h">
			<Option virtualFolder="Lutador/" />
		</Unit>
		<Unit filename="src/LuvaAbstract.cpp">
			<Option virtualFolder="Corpo/" />
		</Unit>
		<Unit filename="src/LuvaAbstract.h">
			<Option virtualFolder="Corpo/" />
		</Unit>
		<Unit filename="src/LuvaDireita.cpp">
			<Option virtualFolder="Corpo/" />
		</Unit>
		<Unit filename="src/LuvaDireita.h">
			<Option virtualFolder="Corpo/" />
		</Unit>
		<Unit filename="src/LuvaEsquerda.cpp">
			<Option virtualFolder="Corpo/" />
		</Unit>
		<Unit filename="src/LuvaEsquerda.h">
			<Option virtualFolder="Corpo/" />
		</Unit>
		<Unit filename="src/MembroBase.cpp">
			<Option virtualFolder="Corpo/" />
		</Unit>
		<Unit filename="src/MembroBase.h">
			<Option virtualFolder="Corpo/" />
		</Unit>
		<Unit filename="src/Placar.cpp">
			<Option virtualFolder="Placar/" />
		</Unit>
		<Unit filename="src/Placar.h">
			<Option virtualFolder="Placar/" />
		</Unit>
		<Unit filename="src/Round.cpp">
			<Option virtualFolder="Fase/" />
		</Unit>
		<Unit filename="src/Round.h">
			<Option virtualFolder="Fase/" />
		</Unit>
		<Unit filename="src/Status.cpp">
			<Option virtualFolder="Status/" />
		</Unit>
		<Unit filename="src/Status.h">
			<Option virtualFolder="Status/" />
		</Unit>
		<Unit filename="src/StatusLutador.cpp">
			<Option virtualFolder="Status/" />
		</Unit>
		<Unit filename="src/StatusLutador.h">
			<Option virtualFolder="Status/" />
		</Unit>
		<Unit filename="src/StatusPC.cpp">
			<Option virtualFolder="Status/" />
		</Unit>
		<Unit filename="src/StatusPC.h">
			<Option virtualFolder="Status/" />
		</Unit>
		<Unit filename="src/StatusPlayer.cpp">
			<Option virtualFolder="Status/" />
		</Unit>
		<Unit filename="src/StatusPlayer.h">
			<Option virtualFolder="Status/" />
		</Unit>
		<Unit filename="src/StatusTempo.cpp">
			<Option virtualFolder="Status/" />
		</Unit>
		<Unit filename="src/StatusTempo.h">
			<Option virtualFolder="Status/" />
		</Unit>
		<Extensions>
			<code_completion />
		</Extensions>
	</Project>
</CodeBlocks_project_file>
