<?xml version="1.0" encoding="UTF-8" standalone="yes" ?>
<CodeBlocks_project_file>
	<FileVersion major="1" minor="6" />
	<Project>
		<Option title="SpaceShooter" />
		<Option pch_mode="0" />
		<Option compiler="gcc" />
		<Option virtualFolders="Naves/;Item/;Efeito/;Fase/;List/;Obstaculo/;Path/;" />
		<Build>
			<Target title="linux - release">
				<Option output="bin/SpaceShooter" prefix_auto="0" extension_auto="0" />
				<Option working_dir="bin/" />
				<Option type="0" />
				<Option compiler="gcc" />
				<Option projectCompilerOptionsRelation="1" />
				<Option projectLinkerOptionsRelation="2" />
				<Option projectResourceIncludeDirsRelation="0" />
				<Compiler>
					<Add option="-fexpensive-optimizations" />
					<Add option="-Os" />
					<Add option="-W" />
					<Add option="-Wall" />
					<Add option="-DGNU_LINUX" />
				</Compiler>
				<Linker>
					<Add option="-s" />
				</Linker>
			</Target>
			<Target title="win32 - release">
				<Option output="bin/SpaceShooter.exe" prefix_auto="0" extension_auto="0" />
				<Option working_dir="bin/" />
				<Option type="0" />
				<Option compiler="gcc" />
				<Option projectCompilerOptionsRelation="1" />
				<Option projectLinkerOptionsRelation="2" />
				<Option projectResourceIncludeDirsRelation="0" />
				<Compiler>
					<Add option="-fexpensive-optimizations" />
					<Add option="-Os" />
					<Add option="-W" />
					<Add option="-Wall" />
				</Compiler>
				<Linker>
					<Add option="-s" />
					<Add library="mingw32" />
				</Linker>
			</Target>
			<Target title="linux - debug">
				<Option output="bin/SpaceShooter_DEBUG" prefix_auto="0" extension_auto="0" />
				<Option working_dir="bin/" />
				<Option type="0" />
				<Option compiler="gcc" />
				<Option parameters="--window" />
				<Option projectCompilerOptionsRelation="1" />
				<Option projectLinkerOptionsRelation="2" />
				<Option projectResourceIncludeDirsRelation="0" />
				<Compiler>
					<Add option="-W" />
					<Add option="-Wall" />
					<Add option="-pg" />
					<Add option="-g" />
					<Add option="-DGNU_LINUX" />
					<Add option="-DDEBUG" />
				</Compiler>
				<Linker>
					<Add option="-pg" />
				</Linker>
			</Target>
			<Target title="win32 - debug">
				<Option output="bin/SpaceShooter_DEBUG.exe" prefix_auto="0" extension_auto="0" />
				<Option working_dir="bin/" />
				<Option type="0" />
				<Option compiler="gcc" />
				<Option parameters="--window" />
				<Option projectCompilerOptionsRelation="1" />
				<Option projectLinkerOptionsRelation="2" />
				<Option projectResourceIncludeDirsRelation="0" />
				<Compiler>
					<Add option="-W" />
					<Add option="-Wall" />
					<Add option="-pg" />
					<Add option="-g" />
					<Add option="-DDEBUG" />
				</Compiler>
				<Linker>
					<Add option="-pg" />
					<Add option="-pg -lgmon" />
					<Add library="mingw32" />
				</Linker>
			</Target>
		</Build>
		<Linker>
			<Add option="-mwindows" />
			<Add library="GBF" />
			<Add library="SDL_mixer" />
			<Add library="SDL_image" />
			<Add library="SDLmain" />
			<Add library="SDL" />
		</Linker>
		<Unit filename="src/Apresentacao.cpp" />
		<Unit filename="src/Apresentacao.h" />
		<Unit filename="src/Controle.cpp" />
		<Unit filename="src/Controle.h" />
		<Unit filename="src/EfeitoExplosao.cpp">
			<Option virtualFolder="Efeito/" />
		</Unit>
		<Unit filename="src/EfeitoExplosao.h">
			<Option virtualFolder="Efeito/" />
		</Unit>
		<Unit filename="src/EfeitoFogosDeArtificio.cpp">
			<Option virtualFolder="Efeito/" />
		</Unit>
		<Unit filename="src/EfeitoFogosDeArtificio.h">
			<Option virtualFolder="Efeito/" />
		</Unit>
		<Unit filename="src/FaseAbstract.cpp">
			<Option virtualFolder="Fase/" />
		</Unit>
		<Unit filename="src/FaseAbstract.h">
			<Option virtualFolder="Fase/" />
		</Unit>
		<Unit filename="src/FaseCinco.cpp">
			<Option virtualFolder="Fase/" />
		</Unit>
		<Unit filename="src/FaseCinco.h">
			<Option virtualFolder="Fase/" />
		</Unit>
		<Unit filename="src/FaseDois.cpp">
			<Option virtualFolder="Fase/" />
		</Unit>
		<Unit filename="src/FaseDois.h">
			<Option virtualFolder="Fase/" />
		</Unit>
		<Unit filename="src/FaseFactory.cpp">
			<Option virtualFolder="Fase/" />
		</Unit>
		<Unit filename="src/FaseFactory.h">
			<Option virtualFolder="Fase/" />
		</Unit>
		<Unit filename="src/FaseQuatro.cpp">
			<Option virtualFolder="Fase/" />
		</Unit>
		<Unit filename="src/FaseQuatro.h">
			<Option virtualFolder="Fase/" />
		</Unit>
		<Unit filename="src/FaseSeis.cpp">
			<Option virtualFolder="Fase/" />
		</Unit>
		<Unit filename="src/FaseSeis.h">
			<Option virtualFolder="Fase/" />
		</Unit>
		<Unit filename="src/FaseSete.cpp">
			<Option virtualFolder="Fase/" />
		</Unit>
		<Unit filename="src/FaseSete.h">
			<Option virtualFolder="Fase/" />
		</Unit>
		<Unit filename="src/FaseTres.cpp">
			<Option virtualFolder="Fase/" />
		</Unit>
		<Unit filename="src/FaseTres.h">
			<Option virtualFolder="Fase/" />
		</Unit>
		<Unit filename="src/FaseUm.cpp">
			<Option virtualFolder="Fase/" />
		</Unit>
		<Unit filename="src/FaseUm.h">
			<Option virtualFolder="Fase/" />
		</Unit>
		<Unit filename="src/InterfaceStatus.cpp" />
		<Unit filename="src/InterfaceStatus.h" />
		<Unit filename="src/ItemAbstract.cpp">
			<Option virtualFolder="Item/" />
		</Unit>
		<Unit filename="src/ItemAbstract.h">
			<Option virtualFolder="Item/" />
		</Unit>
		<Unit filename="src/ItemArma.cpp">
			<Option virtualFolder="Item/" />
		</Unit>
		<Unit filename="src/ItemArma.h">
			<Option virtualFolder="Item/" />
		</Unit>
		<Unit filename="src/ItemEscudo.cpp">
			<Option virtualFolder="Item/" />
		</Unit>
		<Unit filename="src/ItemEscudo.h">
			<Option virtualFolder="Item/" />
		</Unit>
		<Unit filename="src/ItemFactory.cpp">
			<Option virtualFolder="Item/" />
		</Unit>
		<Unit filename="src/ItemFactory.h">
			<Option virtualFolder="Item/" />
		</Unit>
		<Unit filename="src/ItemVelocidade.cpp">
			<Option virtualFolder="Item/" />
		</Unit>
		<Unit filename="src/ItemVelocidade.h">
			<Option virtualFolder="Item/" />
		</Unit>
		<Unit filename="src/Jogo.cpp" />
		<Unit filename="src/Jogo.h" />
		<Unit filename="src/ListItem.cpp">
			<Option virtualFolder="List/" />
		</Unit>
		<Unit filename="src/ListItem.h">
			<Option virtualFolder="List/" />
		</Unit>
		<Unit filename="src/ListSpaceAbstract.cpp">
			<Option virtualFolder="List/" />
		</Unit>
		<Unit filename="src/ListSpaceAbstract.h">
			<Option virtualFolder="List/" />
		</Unit>
		<Unit filename="src/ListSpaceInimigo.cpp">
			<Option virtualFolder="List/" />
		</Unit>
		<Unit filename="src/ListSpaceInimigo.h">
			<Option virtualFolder="List/" />
		</Unit>
		<Unit filename="src/ListSpaceObstaculo.cpp">
			<Option virtualFolder="List/" />
		</Unit>
		<Unit filename="src/ListSpaceObstaculo.h">
			<Option virtualFolder="List/" />
		</Unit>
		<Unit filename="src/ListSpaceObstaculoNeutro.cpp">
			<Option virtualFolder="List/" />
		</Unit>
		<Unit filename="src/ListSpaceObstaculoNeutro.h">
			<Option virtualFolder="List/" />
		</Unit>
		<Unit filename="src/ListTiroAbstract.cpp">
			<Option virtualFolder="List/" />
		</Unit>
		<Unit filename="src/ListTiroAbstract.h">
			<Option virtualFolder="List/" />
		</Unit>
		<Unit filename="src/ListTiroInimigo.cpp">
			<Option virtualFolder="List/" />
		</Unit>
		<Unit filename="src/ListTiroInimigo.h">
			<Option virtualFolder="List/" />
		</Unit>
		<Unit filename="src/ListTiroJogador.cpp">
			<Option virtualFolder="List/" />
		</Unit>
		<Unit filename="src/ListTiroJogador.h">
			<Option virtualFolder="List/" />
		</Unit>
		<Unit filename="src/NaveAbstract.cpp">
			<Option virtualFolder="Naves/" />
		</Unit>
		<Unit filename="src/NaveAbstract.h">
			<Option virtualFolder="Naves/" />
		</Unit>
		<Unit filename="src/NaveAliado.cpp">
			<Option virtualFolder="Naves/" />
		</Unit>
		<Unit filename="src/NaveAliado.h">
			<Option virtualFolder="Naves/" />
		</Unit>
		<Unit filename="src/NaveAuxiliar.cpp">
			<Option virtualFolder="Naves/" />
		</Unit>
		<Unit filename="src/NaveAuxiliar.h">
			<Option virtualFolder="Naves/" />
		</Unit>
		<Unit filename="src/NaveBorg.cpp">
			<Option virtualFolder="Naves/" />
		</Unit>
		<Unit filename="src/NaveBorg.h">
			<Option virtualFolder="Naves/" />
		</Unit>
		<Unit filename="src/NaveCardassiana.cpp">
			<Option virtualFolder="Naves/" />
		</Unit>
		<Unit filename="src/NaveCardassiana.h">
			<Option virtualFolder="Naves/" />
		</Unit>
		<Unit filename="src/NaveEnterprise.cpp">
			<Option virtualFolder="Naves/" />
		</Unit>
		<Unit filename="src/NaveEnterprise.h">
			<Option virtualFolder="Naves/" />
		</Unit>
		<Unit filename="src/NaveEnterpriseE.cpp">
			<Option virtualFolder="Naves/" />
		</Unit>
		<Unit filename="src/NaveEnterpriseE.h">
			<Option virtualFolder="Naves/" />
		</Unit>
		<Unit filename="src/NaveFactory.cpp">
			<Option virtualFolder="Naves/" />
		</Unit>
		<Unit filename="src/NaveFactory.h">
			<Option virtualFolder="Naves/" />
		</Unit>
		<Unit filename="src/NaveInimigo.cpp">
			<Option virtualFolder="Naves/" />
		</Unit>
		<Unit filename="src/NaveInimigo.h">
			<Option virtualFolder="Naves/" />
		</Unit>
		<Unit filename="src/NaveKlingonAttack.cpp">
			<Option virtualFolder="Naves/" />
		</Unit>
		<Unit filename="src/NaveKlingonAttack.h">
			<Option virtualFolder="Naves/" />
		</Unit>
		<Unit filename="src/NaveKlingonBirdPrev.cpp">
			<Option virtualFolder="Naves/" />
		</Unit>
		<Unit filename="src/NaveKlingonBirdPrev.h">
			<Option virtualFolder="Naves/" />
		</Unit>
		<Unit filename="src/NaveMiniBorg.cpp">
			<Option virtualFolder="Naves/" />
		</Unit>
		<Unit filename="src/NaveMiniBorg.h">
			<Option virtualFolder="Naves/" />
		</Unit>
		<Unit filename="src/NaveRomulana.cpp">
			<Option virtualFolder="Naves/" />
		</Unit>
		<Unit filename="src/NaveRomulana.h">
			<Option virtualFolder="Naves/" />
		</Unit>
		<Unit filename="src/NaveVoyager.cpp">
			<Option virtualFolder="Naves/" />
		</Unit>
		<Unit filename="src/NaveVoyager.h">
			<Option virtualFolder="Naves/" />
		</Unit>
		<Unit filename="src/ObstaculoAbstract.cpp">
			<Option virtualFolder="Obstaculo/" />
		</Unit>
		<Unit filename="src/ObstaculoAbstract.h">
			<Option virtualFolder="Obstaculo/" />
		</Unit>
		<Unit filename="src/ObstaculoAsteroid.cpp">
			<Option virtualFolder="Obstaculo/" />
		</Unit>
		<Unit filename="src/ObstaculoAsteroid.h">
			<Option virtualFolder="Obstaculo/" />
		</Unit>
		<Unit filename="src/ObstaculoEsfera.cpp">
			<Option virtualFolder="Obstaculo/" />
		</Unit>
		<Unit filename="src/ObstaculoEsfera.h">
			<Option virtualFolder="Obstaculo/" />
		</Unit>
		<Unit filename="src/ObstaculoFuracao.cpp">
			<Option virtualFolder="Obstaculo/" />
		</Unit>
		<Unit filename="src/ObstaculoFuracao.h">
			<Option virtualFolder="Obstaculo/" />
		</Unit>
		<Unit filename="src/ObstaculoMina.cpp">
			<Option virtualFolder="Obstaculo/" />
		</Unit>
		<Unit filename="src/ObstaculoMina.h">
			<Option virtualFolder="Obstaculo/" />
		</Unit>
		<Unit filename="src/PathDown.cpp">
			<Option virtualFolder="Path/" />
		</Unit>
		<Unit filename="src/PathDown.h">
			<Option virtualFolder="Path/" />
		</Unit>
		<Unit filename="src/PathDownLeft.cpp">
			<Option virtualFolder="Path/" />
		</Unit>
		<Unit filename="src/PathDownLeft.h">
			<Option virtualFolder="Path/" />
		</Unit>
		<Unit filename="src/PathDownRight.cpp">
			<Option virtualFolder="Path/" />
		</Unit>
		<Unit filename="src/PathDownRight.h">
			<Option virtualFolder="Path/" />
		</Unit>
		<Unit filename="src/PathFactory.cpp">
			<Option virtualFolder="Path/" />
		</Unit>
		<Unit filename="src/PathFactory.h">
			<Option virtualFolder="Path/" />
		</Unit>
		<Unit filename="src/PathLeft.cpp">
			<Option virtualFolder="Path/" />
		</Unit>
		<Unit filename="src/PathLeft.h">
			<Option virtualFolder="Path/" />
		</Unit>
		<Unit filename="src/PathRight.cpp">
			<Option virtualFolder="Path/" />
		</Unit>
		<Unit filename="src/PathRight.h">
			<Option virtualFolder="Path/" />
		</Unit>
		<Unit filename="src/PathStrategy.cpp">
			<Option virtualFolder="Path/" />
		</Unit>
		<Unit filename="src/PathStrategy.h">
			<Option virtualFolder="Path/" />
		</Unit>
		<Unit filename="src/PathUp.cpp">
			<Option virtualFolder="Path/" />
		</Unit>
		<Unit filename="src/PathUp.h">
			<Option virtualFolder="Path/" />
		</Unit>
		<Unit filename="src/PathUpLeft.cpp">
			<Option virtualFolder="Path/" />
		</Unit>
		<Unit filename="src/PathUpLeft.h">
			<Option virtualFolder="Path/" />
		</Unit>
		<Unit filename="src/PathUpRight.cpp">
			<Option virtualFolder="Path/" />
		</Unit>
		<Unit filename="src/PathUpRight.h">
			<Option virtualFolder="Path/" />
		</Unit>
		<Unit filename="src/Placar.cpp" />
		<Unit filename="src/Placar.h" />
		<Unit filename="src/SpaceObject.cpp" />
		<Unit filename="src/SpaceObject.h" />
		<Unit filename="src/TiroAbstract.cpp" />
		<Unit filename="src/TiroAbstract.h" />
		<Unit filename="src/TiroCanhaoBorg.cpp" />
		<Unit filename="src/TiroCanhaoBorg.h" />
		<Unit filename="src/TiroPhaserAbstract.cpp" />
		<Unit filename="src/TiroPhaserAbstract.h" />
		<Unit filename="src/TiroPhaserBorg.cpp" />
		<Unit filename="src/TiroPhaserBorg.h" />
		<Unit filename="src/TiroPhaserFE.cpp" />
		<Unit filename="src/TiroPhaserFE.h" />
		<Unit filename="src/TiroPlasmaAbstract.cpp" />
		<Unit filename="src/TiroPlasmaAbstract.h" />
		<Unit filename="src/TiroPlasmaFE.cpp" />
		<Unit filename="src/TiroPlasmaFE.h" />
		<Unit filename="src/TiroPlasmaKlingon.cpp" />
		<Unit filename="src/TiroPlasmaKlingon.h" />
		<Unit filename="src/TiroTorpedoAbstract.cpp" />
		<Unit filename="src/TiroTorpedoAbstract.h" />
		<Unit filename="src/TiroTorpedoCardassiano.cpp" />
		<Unit filename="src/TiroTorpedoCardassiano.h" />
		<Unit filename="src/TiroTorpedoFE.cpp" />
		<Unit filename="src/TiroTorpedoFE.h" />
		<Unit filename="src/TiroTorpedoRomulano.cpp" />
		<Unit filename="src/TiroTorpedoRomulano.h" />
		<Unit filename="src/spaceshoot_define.h" />
		<Extensions>
			<code_completion />
			<debugger />
		</Extensions>
	</Project>
</CodeBlocks_project_file>
