<?xml version="1.0" encoding="UTF-8" standalone="yes" ?>
<CodeBlocks_project_file>
	<FileVersion major="1" minor="6" />
	<Project>
		<Option title="SDL_ffmpeg" />
		<Option pch_mode="0" />
		<Option compiler="gcc" />
		<Build>
			<Target title="linux">
				<Option output="bin/SDL_ffmpeg" prefix_auto="0" extension_auto="0" />
				<Option working_dir="bin/" />
				<Option type="0" />
				<Option compiler="gcc" />
				<Option projectLinkerOptionsRelation="0" />
				<Option projectResourceIncludeDirsRelation="0" />
			</Target>
			<Target title="windows">
				<Option output="bin/SDL_ffmpeg.exe" prefix_auto="0" extension_auto="0" />
				<Option working_dir="bin/" />
				<Option type="0" />
				<Option compiler="gcc" />
				<Option projectLinkerOptionsRelation="2" />
				<Option projectResourceIncludeDirsRelation="0" />
				<Linker>
					<Add option="-pg -lgmon" />
					<Add library="mingw32" />
				</Linker>
			</Target>
		</Build>
		<Compiler>
			<Add option="-Wall" />
			<Add option="-pg" />
			<Add option="-g" />
		</Compiler>
		<Linker>
			<Add option="-pg" />
			<Add library="SDLmain" />
			<Add library="SDL" />
			<Add library="SDL_image" />
			<Add library="SDL_mixer" />
			<Add library="avformat" />
			<Add library="avcodec" />
			<Add library="avutil" />
			<Add library="swscale" />
			<Add library="z" />
			<Add library="bz2" />
		</Linker>
		<Unit filename="src/main.cpp" />
		<Extensions>
			<code_completion />
			<debugger />
		</Extensions>
	</Project>
</CodeBlocks_project_file>
