<?xml version="1.0" encoding="UTF-8" standalone="yes" ?>
<CodeBlocks_project_file>
	<FileVersion major="1" minor="6" />
	<Project>
		<Option title="Scrolling" />
		<Option pch_mode="0" />
		<Option compiler="gcc" />
		<Build>
			<Target title="win32 - release">
				<Option output="bin/Scrolling.exe" prefix_auto="0" extension_auto="0" />
				<Option working_dir="bin/" />
				<Option type="0" />
				<Option compiler="gcc" />
				<Option projectLinkerOptionsRelation="2" />
				<Option projectResourceIncludeDirsRelation="0" />
				<Compiler>
					<Add option="-fexpensive-optimizations" />
					<Add option="-Os" />
					<Add option="-W" />
					<Add option="-Wall" />
				</Compiler>
				<Linker>
					<Add option="-s" />
					<Add library="mingw32" />
				</Linker>
			</Target>
			<Target title="win32 - debug">
				<Option output="bin/Scrolling_DEBUG.exe" prefix_auto="0" extension_auto="0" />
				<Option working_dir="bin/" />
				<Option type="0" />
				<Option compiler="gcc" />
				<Option projectLinkerOptionsRelation="2" />
				<Option projectResourceIncludeDirsRelation="0" />
				<Compiler>
					<Add option="-W" />
					<Add option="-Wall" />
					<Add option="-pg" />
					<Add option="-g" />
					<Add option="-DDEBUG" />
				</Compiler>
				<Linker>
					<Add option="-pg -lgmon" />
					<Add option="-pg" />
					<Add library="mingw32" />
				</Linker>
			</Target>
			<Target title="linux - release">
				<Option output="bin/Scrolling" prefix_auto="0" extension_auto="0" />
				<Option working_dir="bin/" />
				<Option type="0" />
				<Option compiler="gcc" />
				<Option projectResourceIncludeDirsRelation="0" />
				<Compiler>
					<Add option="-fexpensive-optimizations" />
					<Add option="-Os" />
					<Add option="-W" />
					<Add option="-Wall" />
				</Compiler>
				<Linker>
					<Add option="-s" />
				</Linker>
			</Target>
			<Target title="linux - debug">
				<Option output="bin/Scrolling_DEBUG" prefix_auto="0" extension_auto="0" />
				<Option working_dir="bin/" />
				<Option type="0" />
				<Option compiler="gcc" />
				<Option projectResourceIncludeDirsRelation="0" />
				<Compiler>
					<Add option="-W" />
					<Add option="-Wall" />
					<Add option="-pg" />
					<Add option="-g" />
				</Compiler>
				<Linker>
					<Add option="-pg" />
				</Linker>
			</Target>
		</Build>
		<VirtualTargets>
			<Add alias="All" targets="win32 - release;win32 - debug;linux - release;linux - debug;" />
		</VirtualTargets>
		<Linker>
			<Add option="-mwindows" />
			<Add library="GBF" />
			<Add library="SDL_mixer" />
			<Add library="SDL_image" />
			<Add library="SDLmain" />
			<Add library="SDL" />
		</Linker>
		<Unit filename="src/scrolling.cpp" />
		<Extensions>
			<code_completion />
			<debugger />
		</Extensions>
	</Project>
</CodeBlocks_project_file>
