<?xml version="1.0" encoding="UTF-8" standalone="yes" ?>
<CodeBlocks_project_file>
	<FileVersion major="1" minor="6" />
	<Project>
		<Option title="ParticulasQuedaDAgua" />
		<Option pch_mode="2" />
		<Option compiler="gcc" />
		<Build>
			<Target title="default">
				<Option output="ParticulasQuedaDAgua" prefix_auto="1" extension_auto="1" />
				<Option type="1" />
				<Option compiler="gcc" />
			</Target>
		</Build>
		<Linker>
			<Add library="GBF" />
			<Add library="SDL_mixer" />
			<Add library="SDL_image" />
			<Add library="SDLmain" />
			<Add library="SDL" />
		</Linker>
		<Unit filename="ParticulasQuedaDAgua.cpp" />
		<Unit filename="SystemColor.cpp" />
		<Unit filename="SystemColor.h" />
		<Extensions>
			<code_completion />
			<debugger />
		</Extensions>
	</Project>
</CodeBlocks_project_file>
