<?xml version="1.0" encoding="UTF-8" standalone="yes" ?>
<CodeBlocks_project_file>
	<FileVersion major="1" minor="6" />
	<Project>
		<Option title="Mpeg" />
		<Option pch_mode="0" />
		<Option compiler="gcc" />
		<Build>
			<Target title="linux">
				<Option output="bin/Mpeg" prefix_auto="0" extension_auto="0" />
				<Option working_dir="bin/" />
				<Option type="1" />
				<Option compiler="gcc" />
				<Option use_console_runner="0" />
				<Option projectResourceIncludeDirsRelation="0" />
			</Target>
			<Target title="windows">
				<Option output="bin/Mpeg.exe" prefix_auto="0" extension_auto="0" />
				<Option working_dir="bin/" />
				<Option type="0" />
				<Option compiler="gcc" />
				<Option projectLinkerOptionsRelation="2" />
				<Option projectResourceIncludeDirsRelation="0" />
				<Linker>
					<Add option="-pg -lgmon" />
					<Add library="mingw32" />
				</Linker>
			</Target>
		</Build>
		<Compiler>
			<Add option="-Wall" />
			<Add option="-pg" />
			<Add option="-g" />
		</Compiler>
		<Linker>
			<Add option="-pg" />
			<Add library="SDLmain" />
			<Add library="SDL" />
			<Add library="SDL_image" />
			<Add library="SDL_mixer" />
			<Add library="smpeg" />
		</Linker>
		<Unit filename="src/main.cpp" />
		<Extensions>
			<code_completion />
			<debugger />
		</Extensions>
	</Project>
</CodeBlocks_project_file>
