<?xml version="1.0"?>
<!DOCTYPE CodeBlocks_project_file>
<CodeBlocks_project_file>
	<FileVersion major="1" minor="1"/>
	<Project>
		<Option title="III_FCSL"/>
		<Option makefile="Makefile"/>
		<Option makefile_is_custom="0"/>
		<Option active_target="0"/>
		<Option compiler="0"/>
		<Build>
			<Target title="win32 - release">
				<Option output="bin\III_FCSL.exe"/>
				<Option working_dir="bin\"/>
				<Option object_output=".objs"/>
				<Option deps_output=".deps"/>
				<Option type="1"/>
				<Option compiler="0"/>
				<Option use_console_runner="0"/>
				<Option projectResourceIncludeDirsRelation="1"/>
				<Compiler>
					<Add option="-fexpensive-optimizations"/>
					<Add option="-Os"/>
					<Add option="-W"/>
					<Add option="-Wall"/>
				</Compiler>
				<Linker>
					<Add option="-s"/>
				</Linker>
			</Target>
			<Target title="linux - release">
				<Option output="bin\III_FCSL"/>
				<Option working_dir="bin\"/>
				<Option object_output=".objs"/>
				<Option deps_output=".deps"/>
				<Option type="0"/>
				<Option compiler="0"/>
				<Option projectLinkerOptionsRelation="1"/>
				<Option projectResourceIncludeDirsRelation="0"/>
				<Compiler>
					<Add option="-fexpensive-optimizations"/>
					<Add option="-Os"/>
					<Add option="-W"/>
					<Add option="-Wall"/>
					<Add option="-DGNU_LINUX"/>
				</Compiler>
				<Linker>
					<Add option="-s"/>
					<Add option="-mwindows"/>
					<Add library="GBF"/>
					<Add library="SDL_mixer"/>
					<Add library="SDL_image"/>
					<Add library="SDLmain"/>
					<Add library="SDL"/>
				</Linker>
			</Target>
		</Build>
		<Compiler>
			<Add directory="C:\SDK\Cpp\CodeBlocks\include\SDL"/>
			<Add directory="C:\SDK\Cpp\CodeBlocks\include\GBF"/>
		</Compiler>
		<Linker>
			<Add option="-mwindows"/>
			<Add library="GBF"/>
			<Add library="mingw32"/>
			<Add library="SDL_Mixer"/>
			<Add library="SDL_Image"/>
			<Add library="SDLmain"/>
			<Add library="SDL"/>
		</Linker>
		<Unit filename="src\sorteio.cpp">
			<Option compilerVar="CPP"/>
			<Option target="win32 - release"/>
			<Option target="linux - release"/>
		</Unit>
	</Project>
</CodeBlocks_project_file>
